
Microsoft Visual Studio Solution File, Format Version 10.00
# Visual Studio 2008
Project("{FAE04EC0-301F-11D3-BF4B-00C04F79EFBC}") = "MyTcpClient", "TcpClient\MyTcpClient.csproj", "{C2C57904-D97E-4DD0-88A7-32B964B5EDAE}"
EndProject
Global
	GlobalSection(SolutionConfigurationPlatforms) = preSolution
		Debug|Any CPU = Debug|Any CPU
		Release|Any CPU = Release|Any CPU
	EndGlobalSection
	GlobalSection(ProjectConfigurationPlatforms) = postSolution
		{C2C57904-D97E-4DD0-88A7-32B964B5EDAE}.Debug|Any CPU.ActiveCfg = Debug|Any CPU
		{C2C57904-D97E-4DD0-88A7-32B964B5EDAE}.Debug|Any CPU.Build.0 = Debug|Any CPU
		{C2C57904-D97E-4DD0-88A7-32B964B5EDAE}.Release|Any CPU.ActiveCfg = Release|Any CPU
		{C2C57904-D97E-4DD0-88A7-32B964B5EDAE}.Release|Any CPU.Build.0 = Release|Any CPU
	EndGlobalSection
	GlobalSection(SolutionProperties) = preSolution
		HideSolutionNode = FALSE
	EndGlobalSection
EndGlobal
